
Microsoft Visual Studio Solution File, Format Version 12.00
# Visual Studio Version 16
VisualStudioVersion = 16.0.30717.126
MinimumVisualStudioVersion = 10.0.40219.1
Project("{9A19103F-16F7-4668-BE54-9A1E7A4F7556}") = "MG.Utils", "MG.Utils\MG.Utils.csproj", "{AB6BA374-1583-4B0A-81AA-DA30B81A0323}"
EndProject
Project("{9A19103F-16F7-4668-BE54-9A1E7A4F7556}") = "MG.WebHost.Infrastructure", "MG.WebHost.Infrastructure\MG.WebHost.Infrastructure.csproj", "{B2CAADFE-0EFC-4F6A-97D4-FFF31E4CC0FE}"
EndProject
Project("{9A19103F-16F7-4668-BE54-9A1E7A4F7556}") = "MG.WebHost.Infrastructure.Contracts", "MG.WebHost.Infrastructure.Contracts\MG.WebHost.Infrastructure.Contracts.csproj", "{10C1EB75-E5C9-4BBC-AF4B-5E83BCEB879F}"
EndProject
Project("{9A19103F-16F7-4668-BE54-9A1E7A4F7556}") = "MG.Utils.Test", "MG.Utils.Test\MG.Utils.Test.csproj", "{96B0A082-0672-457A-B55E-BD28891BD2B9}"
EndProject
Project("{9A19103F-16F7-4668-BE54-9A1E7A4F7556}") = "MG.WebHost.Infrastructure.Tests", "MG.WebHost.Infrastructure.Tests\MG.WebHost.Infrastructure.Tests.csproj", "{678E56C3-CB58-4AE2-9AEB-BF326DA2CDDB}"
EndProject
Project("{9A19103F-16F7-4668-BE54-9A1E7A4F7556}") = "MG.Utils.AspNetCore", "MG.Utils.AspNetCore\MG.Utils.AspNetCore.csproj", "{4ECF4166-94F3-45BE-BAE4-971467CC00C2}"
EndProject
Project("{2150E333-8FDC-42A3-9474-1A3956D46DE8}") = "Solution Items", "Solution Items", "{086E9E78-4458-43F1-B0B7-B395DDF56BA8}"
	ProjectSection(SolutionItems) = preProject
		NuGetPackDependencies.ps1 = NuGetPackDependencies.ps1
	EndProjectSection
EndProject
Project("{9A19103F-16F7-4668-BE54-9A1E7A4F7556}") = "MG.Utils.Abstract.Test", "MG.Utils.Abstract.Test\MG.Utils.Abstract.Test.csproj", "{4BEFBA8E-86AD-4237-88AC-CA799EA01198}"
EndProject
Project("{9A19103F-16F7-4668-BE54-9A1E7A4F7556}") = "MG.Utils.Abstract", "MG.Utils.Abstract\MG.Utils.Abstract.csproj", "{AD0858CE-2CEC-4F21-838A-1FC9EA14629C}"
EndProject
Project("{2150E333-8FDC-42A3-9474-1A3956D46DE8}") = "Tests", "Tests", "{823B1C75-5EC0-41D9-921D-31AF26D254BA}"
EndProject
Project("{2150E333-8FDC-42A3-9474-1A3956D46DE8}") = "Azure", "Azure", "{53C4538C-7E24-4F29-9431-9889B24175BD}"
EndProject
Project("{FAE04EC0-301F-11D3-BF4B-00C04F79EFBC}") = "MG.Utils.Azure.Blob", "MG.Utils.Azure.Blob\MG.Utils.Azure.Blob.csproj", "{7C077022-4095-4F33-BEDD-56E95A5953E4}"
EndProject
Project("{FAE04EC0-301F-11D3-BF4B-00C04F79EFBC}") = "MG.Utils.Azure.ServiceBus", "MG.Utils.Azure.ServiceBus\MG.Utils.Azure.ServiceBus.csproj", "{1562EAF2-7AF4-4D5F-B65A-22EBF2C60DAD}"
EndProject
Project("{FAE04EC0-301F-11D3-BF4B-00C04F79EFBC}") = "MG.Utils.Smtp", "MG.Utils.Smtp\MG.Utils.Smtp.csproj", "{234D531D-1EBB-4186-9327-CFCF48C5B8E4}"
EndProject
Project("{2150E333-8FDC-42A3-9474-1A3956D46DE8}") = "AspNetCore", "AspNetCore", "{77FF6165-CFAD-4155-B1C6-3B85B2C6695F}"
EndProject
Project("{FAE04EC0-301F-11D3-BF4B-00C04F79EFBC}") = "MG.Utils.Authentication", "MG.Utils.Authentication\MG.Utils.Authentication.csproj", "{C7CCAFAB-20AD-4122-AEBC-5DD5A400FEB6}"
EndProject
Global
	GlobalSection(SolutionConfigurationPlatforms) = preSolution
		Debug|Any CPU = Debug|Any CPU
		Release|Any CPU = Release|Any CPU
	EndGlobalSection
	GlobalSection(ProjectConfigurationPlatforms) = postSolution
		{AB6BA374-1583-4B0A-81AA-DA30B81A0323}.Debug|Any CPU.ActiveCfg = Debug|Any CPU
		{AB6BA374-1583-4B0A-81AA-DA30B81A0323}.Debug|Any CPU.Build.0 = Debug|Any CPU
		{AB6BA374-1583-4B0A-81AA-DA30B81A0323}.Release|Any CPU.ActiveCfg = Release|Any CPU
		{AB6BA374-1583-4B0A-81AA-DA30B81A0323}.Release|Any CPU.Build.0 = Release|Any CPU
		{B2CAADFE-0EFC-4F6A-97D4-FFF31E4CC0FE}.Debug|Any CPU.ActiveCfg = Debug|Any CPU
		{B2CAADFE-0EFC-4F6A-97D4-FFF31E4CC0FE}.Debug|Any CPU.Build.0 = Debug|Any CPU
		{B2CAADFE-0EFC-4F6A-97D4-FFF31E4CC0FE}.Release|Any CPU.ActiveCfg = Release|Any CPU
		{B2CAADFE-0EFC-4F6A-97D4-FFF31E4CC0FE}.Release|Any CPU.Build.0 = Release|Any CPU
		{10C1EB75-E5C9-4BBC-AF4B-5E83BCEB879F}.Debug|Any CPU.ActiveCfg = Debug|Any CPU
		{10C1EB75-E5C9-4BBC-AF4B-5E83BCEB879F}.Debug|Any CPU.Build.0 = Debug|Any CPU
		{10C1EB75-E5C9-4BBC-AF4B-5E83BCEB879F}.Release|Any CPU.ActiveCfg = Release|Any CPU
		{10C1EB75-E5C9-4BBC-AF4B-5E83BCEB879F}.Release|Any CPU.Build.0 = Release|Any CPU
		{96B0A082-0672-457A-B55E-BD28891BD2B9}.Debug|Any CPU.ActiveCfg = Debug|Any CPU
		{96B0A082-0672-457A-B55E-BD28891BD2B9}.Debug|Any CPU.Build.0 = Debug|Any CPU
		{96B0A082-0672-457A-B55E-BD28891BD2B9}.Release|Any CPU.ActiveCfg = Release|Any CPU
		{96B0A082-0672-457A-B55E-BD28891BD2B9}.Release|Any CPU.Build.0 = Release|Any CPU
		{678E56C3-CB58-4AE2-9AEB-BF326DA2CDDB}.Debug|Any CPU.ActiveCfg = Debug|Any CPU
		{678E56C3-CB58-4AE2-9AEB-BF326DA2CDDB}.Debug|Any CPU.Build.0 = Debug|Any CPU
		{678E56C3-CB58-4AE2-9AEB-BF326DA2CDDB}.Release|Any CPU.ActiveCfg = Release|Any CPU
		{678E56C3-CB58-4AE2-9AEB-BF326DA2CDDB}.Release|Any CPU.Build.0 = Release|Any CPU
		{4ECF4166-94F3-45BE-BAE4-971467CC00C2}.Debug|Any CPU.ActiveCfg = Debug|Any CPU
		{4ECF4166-94F3-45BE-BAE4-971467CC00C2}.Debug|Any CPU.Build.0 = Debug|Any CPU
		{4ECF4166-94F3-45BE-BAE4-971467CC00C2}.Release|Any CPU.ActiveCfg = Release|Any CPU
		{4ECF4166-94F3-45BE-BAE4-971467CC00C2}.Release|Any CPU.Build.0 = Release|Any CPU
		{4BEFBA8E-86AD-4237-88AC-CA799EA01198}.Debug|Any CPU.ActiveCfg = Debug|Any CPU
		{4BEFBA8E-86AD-4237-88AC-CA799EA01198}.Debug|Any CPU.Build.0 = Debug|Any CPU
		{4BEFBA8E-86AD-4237-88AC-CA799EA01198}.Release|Any CPU.ActiveCfg = Release|Any CPU
		{4BEFBA8E-86AD-4237-88AC-CA799EA01198}.Release|Any CPU.Build.0 = Release|Any CPU
		{AD0858CE-2CEC-4F21-838A-1FC9EA14629C}.Debug|Any CPU.ActiveCfg = Debug|Any CPU
		{AD0858CE-2CEC-4F21-838A-1FC9EA14629C}.Debug|Any CPU.Build.0 = Debug|Any CPU
		{AD0858CE-2CEC-4F21-838A-1FC9EA14629C}.Release|Any CPU.ActiveCfg = Release|Any CPU
		{AD0858CE-2CEC-4F21-838A-1FC9EA14629C}.Release|Any CPU.Build.0 = Release|Any CPU
		{7C077022-4095-4F33-BEDD-56E95A5953E4}.Debug|Any CPU.ActiveCfg = Debug|Any CPU
		{7C077022-4095-4F33-BEDD-56E95A5953E4}.Debug|Any CPU.Build.0 = Debug|Any CPU
		{7C077022-4095-4F33-BEDD-56E95A5953E4}.Release|Any CPU.ActiveCfg = Release|Any CPU
		{7C077022-4095-4F33-BEDD-56E95A5953E4}.Release|Any CPU.Build.0 = Release|Any CPU
		{1562EAF2-7AF4-4D5F-B65A-22EBF2C60DAD}.Debug|Any CPU.ActiveCfg = Debug|Any CPU
		{1562EAF2-7AF4-4D5F-B65A-22EBF2C60DAD}.Debug|Any CPU.Build.0 = Debug|Any CPU
		{1562EAF2-7AF4-4D5F-B65A-22EBF2C60DAD}.Release|Any CPU.ActiveCfg = Release|Any CPU
		{1562EAF2-7AF4-4D5F-B65A-22EBF2C60DAD}.Release|Any CPU.Build.0 = Release|Any CPU
		{234D531D-1EBB-4186-9327-CFCF48C5B8E4}.Debug|Any CPU.ActiveCfg = Debug|Any CPU
		{234D531D-1EBB-4186-9327-CFCF48C5B8E4}.Debug|Any CPU.Build.0 = Debug|Any CPU
		{234D531D-1EBB-4186-9327-CFCF48C5B8E4}.Release|Any CPU.ActiveCfg = Release|Any CPU
		{234D531D-1EBB-4186-9327-CFCF48C5B8E4}.Release|Any CPU.Build.0 = Release|Any CPU
		{C7CCAFAB-20AD-4122-AEBC-5DD5A400FEB6}.Debug|Any CPU.ActiveCfg = Debug|Any CPU
		{C7CCAFAB-20AD-4122-AEBC-5DD5A400FEB6}.Debug|Any CPU.Build.0 = Debug|Any CPU
		{C7CCAFAB-20AD-4122-AEBC-5DD5A400FEB6}.Release|Any CPU.ActiveCfg = Release|Any CPU
		{C7CCAFAB-20AD-4122-AEBC-5DD5A400FEB6}.Release|Any CPU.Build.0 = Release|Any CPU
	EndGlobalSection
	GlobalSection(SolutionProperties) = preSolution
		HideSolutionNode = FALSE
	EndGlobalSection
	GlobalSection(NestedProjects) = preSolution
		{96B0A082-0672-457A-B55E-BD28891BD2B9} = {823B1C75-5EC0-41D9-921D-31AF26D254BA}
		{678E56C3-CB58-4AE2-9AEB-BF326DA2CDDB} = {823B1C75-5EC0-41D9-921D-31AF26D254BA}
		{4ECF4166-94F3-45BE-BAE4-971467CC00C2} = {77FF6165-CFAD-4155-B1C6-3B85B2C6695F}
		{4BEFBA8E-86AD-4237-88AC-CA799EA01198} = {823B1C75-5EC0-41D9-921D-31AF26D254BA}
		{7C077022-4095-4F33-BEDD-56E95A5953E4} = {53C4538C-7E24-4F29-9431-9889B24175BD}
		{1562EAF2-7AF4-4D5F-B65A-22EBF2C60DAD} = {53C4538C-7E24-4F29-9431-9889B24175BD}
		{234D531D-1EBB-4186-9327-CFCF48C5B8E4} = {77FF6165-CFAD-4155-B1C6-3B85B2C6695F}
		{C7CCAFAB-20AD-4122-AEBC-5DD5A400FEB6} = {77FF6165-CFAD-4155-B1C6-3B85B2C6695F}
	EndGlobalSection
	GlobalSection(ExtensibilityGlobals) = postSolution
		SolutionGuid = {0A7973A9-38DE-45D8-97FB-64A232B29588}
	EndGlobalSection
EndGlobal
